
Microsoft Visual Studio Solution File, Format Version 12.00
# Visual Studio Version 17
VisualStudioVersion = 17.0.31912.275
MinimumVisualStudioVersion = 10.0.40219.1
Project("{2150E333-8FDC-42A3-9474-1A3956D46DE8}") = "src", "src", "{017E5494-F62F-4420-8EFB-C71D48FD3005}"
EndProject
Project("{2150E333-8FDC-42A3-9474-1A3956D46DE8}") = "test", "test", "{D39C41B1-7177-4B39-B490-488FF42DF37A}"
EndProject
Project("{9A19103F-16F7-4668-BE54-9A1E7A4F7556}") = "Xswift.EntityFrameworkCore", "src\Xswift.EntityFrameworkCore.csproj", "{D325F544-F499-4790-A351-0738834BE8B2}"
EndProject
Project("{9A19103F-16F7-4668-BE54-9A1E7A4F7556}") = "Xswift.EntityFrameworkCore.Test", "test\Xswift.EntityFrameworkCore.Test.csproj", "{6DEF8F28-FC47-4BDE-89E5-9670B4359977}"
EndProject
Global
	GlobalSection(SolutionConfigurationPlatforms) = preSolution
		Debug|Any CPU = Debug|Any CPU
		Release|Any CPU = Release|Any CPU
	EndGlobalSection
	GlobalSection(ProjectConfigurationPlatforms) = postSolution
		{D325F544-F499-4790-A351-0738834BE8B2}.Debug|Any CPU.ActiveCfg = Debug|Any CPU
		{D325F544-F499-4790-A351-0738834BE8B2}.Debug|Any CPU.Build.0 = Debug|Any CPU
		{D325F544-F499-4790-A351-0738834BE8B2}.Release|Any CPU.ActiveCfg = Release|Any CPU
		{D325F544-F499-4790-A351-0738834BE8B2}.Release|Any CPU.Build.0 = Release|Any CPU
		{6DEF8F28-FC47-4BDE-89E5-9670B4359977}.Debug|Any CPU.ActiveCfg = Debug|Any CPU
		{6DEF8F28-FC47-4BDE-89E5-9670B4359977}.Debug|Any CPU.Build.0 = Debug|Any CPU
		{6DEF8F28-FC47-4BDE-89E5-9670B4359977}.Release|Any CPU.ActiveCfg = Release|Any CPU
		{6DEF8F28-FC47-4BDE-89E5-9670B4359977}.Release|Any CPU.Build.0 = Release|Any CPU
	EndGlobalSection
	GlobalSection(SolutionProperties) = preSolution
		HideSolutionNode = FALSE
	EndGlobalSection
	GlobalSection(NestedProjects) = preSolution
		{D325F544-F499-4790-A351-0738834BE8B2} = {017E5494-F62F-4420-8EFB-C71D48FD3005}
		{6DEF8F28-FC47-4BDE-89E5-9670B4359977} = {D39C41B1-7177-4B39-B490-488FF42DF37A}
	EndGlobalSection
	GlobalSection(ExtensibilityGlobals) = postSolution
		SolutionGuid = {17274BF8-2414-432B-8CB2-641D15C801CA}
	EndGlobalSection
EndGlobal
